
Microsoft Visual Studio Solution File, Format Version 12.00
# Visual Studio Version 17
VisualStudioVersion = 17.4.33213.308
MinimumVisualStudioVersion = 10.0.40219.1
Project("{FAE04EC0-301F-11D3-BF4B-00C04F79EFBC}") = "Zadacha1", "Zadacha1\Zadacha1.csproj", "{B409FECF-49A0-433A-8679-2338C850A4F7}"
EndProject
Project("{FAE04EC0-301F-11D3-BF4B-00C04F79EFBC}") = "Zadacha2", "Zadacha2\Zadacha2.csproj", "{E7B51695-511F-4BD2-A5D2-27CD9909742B}"
EndProject
Global
	GlobalSection(SolutionConfigurationPlatforms) = preSolution
		Debug|Any CPU = Debug|Any CPU
		Release|Any CPU = Release|Any CPU
	EndGlobalSection
	GlobalSection(ProjectConfigurationPlatforms) = postSolution
		{B409FECF-49A0-433A-8679-2338C850A4F7}.Debug|Any CPU.ActiveCfg = Debug|Any CPU
		{B409FECF-49A0-433A-8679-2338C850A4F7}.Debug|Any CPU.Build.0 = Debug|Any CPU
		{B409FECF-49A0-433A-8679-2338C850A4F7}.Release|Any CPU.ActiveCfg = Release|Any CPU
		{B409FECF-49A0-433A-8679-2338C850A4F7}.Release|Any CPU.Build.0 = Release|Any CPU
		{E7B51695-511F-4BD2-A5D2-27CD9909742B}.Debug|Any CPU.ActiveCfg = Debug|Any CPU
		{E7B51695-511F-4BD2-A5D2-27CD9909742B}.Debug|Any CPU.Build.0 = Debug|Any CPU
		{E7B51695-511F-4BD2-A5D2-27CD9909742B}.Release|Any CPU.ActiveCfg = Release|Any CPU
		{E7B51695-511F-4BD2-A5D2-27CD9909742B}.Release|Any CPU.Build.0 = Release|Any CPU
	EndGlobalSection
	GlobalSection(SolutionProperties) = preSolution
		HideSolutionNode = FALSE
	EndGlobalSection
	GlobalSection(ExtensibilityGlobals) = postSolution
		SolutionGuid = {7BA2F98F-E2E8-47B8-A4DC-99A480326877}
	EndGlobalSection
EndGlobal
